// !$*UTF8*$!
{
	archiveVersion = 1;
	classes = {
	};
	objectVersion = 60;
	objects = {

/* Begin PBXBuildFile section */
		B20E47AF2B9B8F7C00B72FFA /* ExampleApp.swift in Sources */ = {isa = PBXBuildFile; fileRef = B20E47AE2B9B8F7C00B72FFA /* ExampleApp.swift */; };
		B20E47B12B9B8F7C00B72FFA /* ContentView.swift in Sources */ = {isa = PBXBuildFile; fileRef = B20E47B02B9B8F7C00B72FFA /* ContentView.swift */; };
		B20E47B32B9B8F7E00B72FFA /* Assets.xcassets in Resources */ = {isa = PBXBuildFile; fileRef = B20E47B22B9B8F7E00B72FFA /* Assets.xcassets */; };
		B20E47B62B9B8F7E00B72FFA /* Preview Assets.xcassets in Resources */ = {isa = PBXBuildFile; fileRef = B20E47B52B9B8F7E00B72FFA /* Preview Assets.xcassets */; };
		B20E47C02B9B8F7E00B72FFA /* ExampleTests.swift in Sources */ = {isa = PBXBuildFile; fileRef = B20E47BF2B9B8F7E00B72FFA /* ExampleTests.swift */; };
		B20E47CA2B9B8F7E00B72FFA /* ExampleUITests.swift in Sources */ = {isa = PBXBuildFile; fileRef = B20E47C92B9B8F7E00B72FFA /* ExampleUITests.swift */; };
		B20E47CC2B9B8F7E00B72FFA /* ExampleUITestsLaunchTests.swift in Sources */ = {isa = PBXBuildFile; fileRef = B20E47CB2B9B8F7E00B72FFA /* ExampleUITestsLaunchTests.swift */; };
		B210F9512B9B971E009D6E2C /* SwiftPackageRemoteDemo in Frameworks */ = {isa = PBXBuildFile; productRef = B210F9502B9B971E009D6E2C /* SwiftPackageRemoteDemo */; };
/* End PBXBuildFile section */

/* Begin PBXContainerItemProxy section */
		B20E47BC2B9B8F7E00B72FFA /* PBXContainerItemProxy */ = {
			isa = PBXContainerItemProxy;
			containerPortal = B20E47A32B9B8F7C00B72FFA /* Project object */;
			proxyType = 1;
			remoteGlobalIDString = B20E47AA2B9B8F7C00B72FFA;
			remoteInfo = Example;
		};
		B20E47C62B9B8F7E00B72FFA /* PBXContainerItemProxy */ = {
			isa = PBXContainerItemProxy;
			containerPortal = B20E47A32B9B8F7C00B72FFA /* Project object */;
			proxyType = 1;
			remoteGlobalIDString = B20E47AA2B9B8F7C00B72FFA;
			remoteInfo = Example;
		};
/* End PBXContainerItemProxy section */

/* Begin PBXFileReference section */
		B20E47AB2B9B8F7C00B72FFA /* Example.app */ = {isa = PBXFileReference; explicitFileType = wrapper.application; includeInIndex = 0; path = Example.app; sourceTree = BUILT_PRODUCTS_DIR; };
		B20E47AE2B9B8F7C00B72FFA /* ExampleApp.swift */ = {isa = PBXFileReference; lastKnownFileType = sourcecode.swift; path = ExampleApp.swift; sourceTree = "<group>"; };
		B20E47B02B9B8F7C00B72FFA /* ContentView.swift */ = {isa = PBXFileReference; lastKnownFileType = sourcecode.swift; path = ContentView.swift; sourceTree = "<group>"; };
		B20E47B22B9B8F7E00B72FFA /* Assets.xcassets */ = {isa = PBXFileReference; lastKnownFileType = folder.assetcatalog; path = Assets.xcassets; sourceTree = "<group>"; };
		B20E47B52B9B8F7E00B72FFA /* Preview Assets.xcassets */ = {isa = PBXFileReference; lastKnownFileType = folder.assetcatalog; path = "Preview Assets.xcassets"; sourceTree = "<group>"; };
		B20E47BB2B9B8F7E00B72FFA /* ExampleTests.xctest */ = {isa = PBXFileReference; explicitFileType = wrapper.cfbundle; includeInIndex = 0; path = ExampleTests.xctest; sourceTree = BUILT_PRODUCTS_DIR; };
		B20E47BF2B9B8F7E00B72FFA /* ExampleTests.swift */ = {isa = PBXFileReference; lastKnownFileType = sourcecode.swift; path = ExampleTests.swift; sourceTree = "<group>"; };
		B20E47C52B9B8F7E00B72FFA /* ExampleUITests.xctest */ = {isa = PBXFileReference; explicitFileType = wrapper.cfbundle; includeInIndex = 0; path = ExampleUITests.xctest; sourceTree = BUILT_PRODUCTS_DIR; };
		B20E47C92B9B8F7E00B72FFA /* ExampleUITests.swift */ = {isa = PBXFileReference; lastKnownFileType = sourcecode.swift; path = ExampleUITests.swift; sourceTree = "<group>"; };
		B20E47CB2B9B8F7E00B72FFA /* ExampleUITestsLaunchTests.swift */ = {isa = PBXFileReference; lastKnownFileType = sourcecode.swift; path = ExampleUITestsLaunchTests.swift; sourceTree = "<group>"; };
/* End PBXFileReference section */

/* Begin PBXFrameworksBuildPhase section */
		B20E47A82B9B8F7C00B72FFA /* Frameworks */ = {
			isa = PBXFrameworksBuildPhase;
			buildActionMask = 2147483647;
			files = (
				B210F9512B9B971E009D6E2C /* SwiftPackageRemoteDemo in Frameworks */,
			);
			runOnlyForDeploymentPostprocessing = 0;
		};
		B20E47B82B9B8F7E00B72FFA /* Frameworks */ = {
			isa = PBXFrameworksBuildPhase;
			buildActionMask = 2147483647;
			files = (
			);
			runOnlyForDeploymentPostprocessing = 0;
		};
		B20E47C22B9B8F7E00B72FFA /* Frameworks */ = {
			isa = PBXFrameworksBuildPhase;
			buildActionMask = 2147483647;
			files = (
			);
			runOnlyForDeploymentPostprocessing = 0;
		};
/* End PBXFrameworksBuildPhase section */

/* Begin PBXGroup section */
		B20E47A22B9B8F7C00B72FFA = {
			isa = PBXGroup;
			children = (
				B20E47AD2B9B8F7C00B72FFA /* Example */,
				B20E47BE2B9B8F7E00B72FFA /* ExampleTests */,
				B20E47C82B9B8F7E00B72FFA /* ExampleUITests */,
				B20E47AC2B9B8F7C00B72FFA /* Products */,
			);
			sourceTree = "<group>";
		};
		B20E47AC2B9B8F7C00B72FFA /* Products */ = {
			isa = PBXGroup;
			children = (
				B20E47AB2B9B8F7C00B72FFA /* Example.app */,
				B20E47BB2B9B8F7E00B72FFA /* ExampleTests.xctest */,
				B20E47C52B9B8F7E00B72FFA /* ExampleUITests.xctest */,
			);
			name = Products;
			sourceTree = "<group>";
		};
		B20E47AD2B9B8F7C00B72FFA /* Example */ = {
			isa = PBXGroup;
			children = (
				B20E47AE2B9B8F7C00B72FFA /* ExampleApp.swift */,
				B20E47B02B9B8F7C00B72FFA /* ContentView.swift */,
				B20E47B22B9B8F7E00B72FFA /* Assets.xcassets */,
				B20E47B42B9B8F7E00B72FFA /* Preview Content */,
			);
			path = Example;
			sourceTree = "<group>";
		};
		B20E47B42B9B8F7E00B72FFA /* Preview Content */ = {
			isa = PBXGroup;
			children = (
				B20E47B52B9B8F7E00B72FFA /* Preview Assets.xcassets */,
			);
			path = "Preview Content";
			sourceTree = "<group>";
		};
		B20E47BE2B9B8F7E00B72FFA /* ExampleTests */ = {
			isa = PBXGroup;
			children = (
				B20E47BF2B9B8F7E00B72FFA /* ExampleTests.swift */,
			);
			path = ExampleTests;
			sourceTree = "<group>";
		};
		B20E47C82B9B8F7E00B72FFA /* ExampleUITests */ = {
			isa = PBXGroup;
			children = (
				B20E47C92B9B8F7E00B72FFA /* ExampleUITests.swift */,
				B20E47CB2B9B8F7E00B72FFA /* ExampleUITestsLaunchTests.swift */,
			);
			path = ExampleUITests;
			sourceTree = "<group>";
		};
/* End PBXGroup section */

/* Begin PBXNativeTarget section */
		B20E47AA2B9B8F7C00B72FFA /* Example */ = {
			isa = PBXNativeTarget;
			buildConfigurationList = B20E47CF2B9B8F7E00B72FFA /* Build configuration list for PBXNativeTarget "Example" */;
			buildPhases = (
				B20E47A72B9B8F7C00B72FFA /* Sources */,
				B20E47A82B9B8F7C00B72FFA /* Frameworks */,
				B20E47A92B9B8F7C00B72FFA /* Resources */,
			);
			buildRules = (
			);
			dependencies = (
			);
			name = Example;
			packageProductDependencies = (
				B210F9502B9B971E009D6E2C /* SwiftPackageRemoteDemo */,
			);
			productName = Example;
			productReference = B20E47AB2B9B8F7C00B72FFA /* Example.app */;
			productType = "com.apple.product-type.application";
		};
		B20E47BA2B9B8F7E00B72FFA /* ExampleTests */ = {
			isa = PBXNativeTarget;
			buildConfigurationList = B20E47D22B9B8F7E00B72FFA /* Build configuration list for PBXNativeTarget "ExampleTests" */;
			buildPhases = (
				B20E47B72B9B8F7E00B72FFA /* Sources */,
				B20E47B82B9B8F7E00B72FFA /* Frameworks */,
				B20E47B92B9B8F7E00B72FFA /* Resources */,
			);
			buildRules = (
			);
			dependencies = (
				B20E47BD2B9B8F7E00B72FFA /* PBXTargetDependency */,
			);
			name = ExampleTests;
			productName = ExampleTests;
			productReference = B20E47BB2B9B8F7E00B72FFA /* ExampleTests.xctest */;
			productType = "com.apple.product-type.bundle.unit-test";
		};
		B20E47C42B9B8F7E00B72FFA /* ExampleUITests */ = {
			isa = PBXNativeTarget;
			buildConfigurationList = B20E47D52B9B8F7E00B72FFA /* Build configuration list for PBXNativeTarget "ExampleUITests" */;
			buildPhases = (
				B20E47C12B9B8F7E00B72FFA /* Sources */,
				B20E47C22B9B8F7E00B72FFA /* Frameworks */,
				B20E47C32B9B8F7E00B72FFA /* Resources */,
			);
			buildRules = (
			);
			dependencies = (
				B20E47C72B9B8F7E00B72FFA /* PBXTargetDependency */,
			);
			name = ExampleUITests;
			productName = ExampleUITests;
			productReference = B20E47C52B9B8F7E00B72FFA /* ExampleUITests.xctest */;
			productType = "com.apple.product-type.bundle.ui-testing";
		};
/* End PBXNativeTarget section */

/* Begin PBXProject section */
		B20E47A32B9B8F7C00B72FFA /* Project object */ = {
			isa = PBXProject;
			attributes = {
				BuildIndependentTargetsInParallel = 1;
				LastSwiftUpdateCheck = 1520;
				LastUpgradeCheck = 1520;
				TargetAttributes = {
					B20E47AA2B9B8F7C00B72FFA = {
						CreatedOnToolsVersion = 15.2;
					};
					B20E47BA2B9B8F7E00B72FFA = {
						CreatedOnToolsVersion = 15.2;
						TestTargetID = B20E47AA2B9B8F7C00B72FFA;
					};
					B20E47C42B9B8F7E00B72FFA = {
						CreatedOnToolsVersion = 15.2;
						TestTargetID = B20E47AA2B9B8F7C00B72FFA;
					};
				};
			};
			buildConfigurationList = B20E47A62B9B8F7C00B72FFA /* Build configuration list for PBXProject "Example" */;
			compatibilityVersion = "Xcode 14.0";
			developmentRegion = en;
			hasScannedForEncodings = 0;
			knownRegions = (
				en,
				Base,
			);
			mainGroup = B20E47A22B9B8F7C00B72FFA;
			packageReferences = (
				B210F94F2B9B971E009D6E2C /* XCLocalSwiftPackageReference ".." */,
			);
			productRefGroup = B20E47AC2B9B8F7C00B72FFA /* Products */;
			projectDirPath = "";
			projectRoot = "";
			targets = (
				B20E47AA2B9B8F7C00B72FFA /* Example */,
				B20E47BA2B9B8F7E00B72FFA /* ExampleTests */,
				B20E47C42B9B8F7E00B72FFA /* ExampleUITests */,
			);
		};
/* End PBXProject section */

/* Begin PBXResourcesBuildPhase section */
		B20E47A92B9B8F7C00B72FFA /* Resources */ = {
			isa = PBXResourcesBuildPhase;
			buildActionMask = 2147483647;
			files = (
				B20E47B62B9B8F7E00B72FFA /* Preview Assets.xcassets in Resources */,
				B20E47B32B9B8F7E00B72FFA /* Assets.xcassets in Resources */,
			);
			runOnlyForDeploymentPostprocessing = 0;
		};
		B20E47B92B9B8F7E00B72FFA /* Resources */ = {
			isa = PBXResourcesBuildPhase;
			buildActionMask = 2147483647;
			files = (
			);
			runOnlyForDeploymentPostprocessing = 0;
		};
		B20E47C32B9B8F7E00B72FFA /* Resources */ = {
			isa = PBXResourcesBuildPhase;
			buildActionMask = 2147483647;
			files = (
			);
			runOnlyForDeploymentPostprocessing = 0;
		};
/* End PBXResourcesBuildPhase section */

/* Begin PBXSourcesBuildPhase section */
		B20E47A72B9B8F7C00B72FFA /* Sources */ = {
			isa = PBXSourcesBuildPhase;
			buildActionMask = 2147483647;
			files = (
				B20E47B12B9B8F7C00B72FFA /* ContentView.swift in Sources */,
				B20E47AF2B9B8F7C00B72FFA /* ExampleApp.swift in Sources */,
			);
			runOnlyForDeploymentPostprocessing = 0;
		};
		B20E47B72B9B8F7E00B72FFA /* Sources */ = {
			isa = PBXSourcesBuildPhase;
			buildActionMask = 2147483647;
			files = (
				B20E47C02B9B8F7E00B72FFA /* ExampleTests.swift in Sources */,
			);
			runOnlyForDeploymentPostprocessing = 0;
		};
		B20E47C12B9B8F7E00B72FFA /* Sources */ = {
			isa = PBXSourcesBuildPhase;
			buildActionMask = 2147483647;
			files = (
				B20E47CA2B9B8F7E00B72FFA /* ExampleUITests.swift in Sources */,
				B20E47CC2B9B8F7E00B72FFA /* ExampleUITestsLaunchTests.swift in Sources */,
			);
			runOnlyForDeploymentPostprocessing = 0;
		};
/* End PBXSourcesBuildPhase section */

/* Begin PBXTargetDependency section */
		B20E47BD2B9B8F7E00B72FFA /* PBXTargetDependency */ = {
			isa = PBXTargetDependency;
			target = B20E47AA2B9B8F7C00B72FFA /* Example */;
			targetProxy = B20E47BC2B9B8F7E00B72FFA /* PBXContainerItemProxy */;
		};
		B20E47C72B9B8F7E00B72FFA /* PBXTargetDependency */ = {
			isa = PBXTargetDependency;
			target = B20E47AA2B9B8F7C00B72FFA /* Example */;
			targetProxy = B20E47C62B9B8F7E00B72FFA /* PBXContainerItemProxy */;
		};
/* End PBXTargetDependency section */

/* Begin XCBuildConfiguration section */
		B20E47CD2B9B8F7E00B72FFA /* Debug */ = {
			isa = XCBuildConfiguration;
			buildSettings = {
				ALWAYS_SEARCH_USER_PATHS = NO;
				ASSETCATALOG_COMPILER_GENERATE_SWIFT_ASSET_SYMBOL_EXTENSIONS = YES;
				CLANG_ANALYZER_NONNULL = YES;
				CLANG_ANALYZER_NUMBER_OBJECT_CONVERSION = YES_AGGRESSIVE;
				CLANG_CXX_LANGUAGE_STANDARD = "gnu++20";
				CLANG_ENABLE_MODULES = YES;
				CLANG_ENABLE_OBJC_ARC = YES;
				CLANG_ENABLE_OBJC_WEAK = YES;
				CLANG_WARN_BLOCK_CAPTURE_AUTORELEASING = YES;
				CLANG_WARN_BOOL_CONVERSION = YES;
				CLANG_WARN_COMMA = YES;
				CLANG_WARN_CONSTANT_CONVERSION = YES;
				CLANG_WARN_DEPRECATED_OBJC_IMPLEMENTATIONS = YES;
				CLANG_WARN_DIRECT_OBJC_ISA_USAGE = YES_ERROR;
				CLANG_WARN_DOCUMENTATION_COMMENTS = YES;
				CLANG_WARN_EMPTY_BODY = YES;
				CLANG_WARN_ENUM_CONVERSION = YES;
				CLANG_WARN_INFINITE_RECURSION = YES;
				CLANG_WARN_INT_CONVERSION = YES;
				CLANG_WARN_NON_LITERAL_NULL_CONVERSION = YES;
				CLANG_WARN_OBJC_IMPLICIT_RETAIN_SELF = YES;
				CLANG_WARN_OBJC_LITERAL_CONVERSION = YES;
				CLANG_WARN_OBJC_ROOT_CLASS = YES_ERROR;
				CLANG_WARN_QUOTED_INCLUDE_IN_FRAMEWORK_HEADER = YES;
				CLANG_WARN_RANGE_LOOP_ANALYSIS = YES;
				CLANG_WARN_STRICT_PROTOTYPES = YES;
				CLANG_WARN_SUSPICIOUS_MOVE = YES;
				CLANG_WARN_UNGUARDED_AVAILABILITY = YES_AGGRESSIVE;
				CLANG_WARN_UNREACHABLE_CODE = YES;
				CLANG_WARN__DUPLICATE_METHOD_MATCH = YES;
				COPY_PHASE_STRIP = NO;
				DEBUG_INFORMATION_FORMAT = dwarf;
				ENABLE_STRICT_OBJC_MSGSEND = YES;
				ENABLE_TESTABILITY = YES;
				ENABLE_USER_SCRIPT_SANDBOXING = YES;
				GCC_C_LANGUAGE_STANDARD = gnu17;
				GCC_DYNAMIC_NO_PIC = NO;
				GCC_NO_COMMON_BLOCKS = YES;
				GCC_OPTIMIZATION_LEVEL = 0;
				GCC_PREPROCESSOR_DEFINITIONS = (
					"DEBUG=1",
					"$(inherited)",
				);
				GCC_WARN_64_TO_32_BIT_CONVERSION = YES;
				GCC_WARN_ABOUT_RETURN_TYPE = YES_ERROR;
				GCC_WARN_UNDECLARED_SELECTOR = YES;
				GCC_WARN_UNINITIALIZED_AUTOS = YES_AGGRESSIVE;
				GCC_WARN_UNUSED_FUNCTION = YES;
				GCC_WARN_UNUSED_VARIABLE = YES;
				IPHONEOS_DEPLOYMENT_TARGET = 17.2;
				LOCALIZATION_PREFERS_STRING_CATALOGS = YES;
				MTL_ENABLE_DEBUG_INFO = INCLUDE_SOURCE;
				MTL_FAST_MATH = YES;
				ONLY_ACTIVE_ARCH = YES;
				SDKROOT = iphoneos;
				SWIFT_ACTIVE_COMPILATION_CONDITIONS = "DEBUG $(inherited)";
				SWIFT_OPTIMIZATION_LEVEL = "-Onone";
			};
			name = Debug;
		};
		B20E47CE2B9B8F7E00B72FFA /* Release */ = {
			isa = XCBuildConfiguration;
			buildSettings = {
				ALWAYS_SEARCH_USER_PATHS = NO;
				ASSETCATALOG_COMPILER_GENERATE_SWIFT_ASSET_SYMBOL_EXTENSIONS = YES;
				CLANG_ANALYZER_NONNULL = YES;
				CLANG_ANALYZER_NUMBER_OBJECT_CONVERSION = YES_AGGRESSIVE;
				CLANG_CXX_LANGUAGE_STANDARD = "gnu++20";
				CLANG_ENABLE_MODULES = YES;
				CLANG_ENABLE_OBJC_ARC = YES;
				CLANG_ENABLE_OBJC_WEAK = YES;
				CLANG_WARN_BLOCK_CAPTURE_AUTORELEASING = YES;
				CLANG_WARN_BOOL_CONVERSION = YES;
				CLANG_WARN_COMMA = YES;
				CLANG_WARN_CONSTANT_CONVERSION = YES;
				CLANG_WARN_DEPRECATED_OBJC_IMPLEMENTATIONS = YES;
				CLANG_WARN_DIRECT_OBJC_ISA_USAGE = YES_ERROR;
				CLANG_WARN_DOCUMENTATION_COMMENTS = YES;
				CLANG_WARN_EMPTY_BODY = YES;
				CLANG_WARN_ENUM_CONVERSION = YES;
				CLANG_WARN_INFINITE_RECURSION = YES;
				CLANG_WARN_INT_CONVERSION = YES;
				CLANG_WARN_NON_LITERAL_NULL_CONVERSION = YES;
				CLANG_WARN_OBJC_IMPLICIT_RETAIN_SELF = YES;
				CLANG_WARN_OBJC_LITERAL_CONVERSION = YES;
				CLANG_WARN_OBJC_ROOT_CLASS = YES_ERROR;
				CLANG_WARN_QUOTED_INCLUDE_IN_FRAMEWORK_HEADER = YES;
				CLANG_WARN_RANGE_LOOP_ANALYSIS = YES;
				CLANG_WARN_STRICT_PROTOTYPES = YES;
				CLANG_WARN_SUSPICIOUS_MOVE = YES;
				CLANG_WARN_UNGUARDED_AVAILABILITY = YES_AGGRESSIVE;
				CLANG_WARN_UNREACHABLE_CODE = YES;
				CLANG_WARN__DUPLICATE_METHOD_MATCH = YES;
				COPY_PHASE_STRIP = NO;
				DEBUG_INFORMATION_FORMAT = "dwarf-with-dsym";
				ENABLE_NS_ASSERTIONS = NO;
				ENABLE_STRICT_OBJC_MSGSEND = YES;
				ENABLE_USER_SCRIPT_SANDBOXING = YES;
				GCC_C_LANGUAGE_STANDARD = gnu17;
				GCC_NO_COMMON_BLOCKS = YES;
				GCC_WARN_64_TO_32_BIT_CONVERSION = YES;
				GCC_WARN_ABOUT_RETURN_TYPE = YES_ERROR;
				GCC_WARN_UNDECLARED_SELECTOR = YES;
				GCC_WARN_UNINITIALIZED_AUTOS = YES_AGGRESSIVE;
				GCC_WARN_UNUSED_FUNCTION = YES;
				GCC_WARN_UNUSED_VARIABLE = YES;
				IPHONEOS_DEPLOYMENT_TARGET = 17.2;
				LOCALIZATION_PREFERS_STRING_CATALOGS = YES;
				MTL_ENABLE_DEBUG_INFO = NO;
				MTL_FAST_MATH = YES;
				SDKROOT = iphoneos;
				SWIFT_COMPILATION_MODE = wholemodule;
				VALIDATE_PRODUCT = YES;
			};
			name = Release;
		};
		B20E47D02B9B8F7E00B72FFA /* Debug */ = {
			isa = XCBuildConfiguration;
			buildSettings = {
				ASSETCATALOG_COMPILER_APPICON_NAME = AppIcon;
				ASSETCATALOG_COMPILER_GLOBAL_ACCENT_COLOR_NAME = AccentColor;
				CODE_SIGN_STYLE = Automatic;
				CURRENT_PROJECT_VERSION = 1;
				DEVELOPMENT_ASSET_PATHS = "\"Example/Preview Content\"";
				ENABLE_PREVIEWS = YES;
				GENERATE_INFOPLIST_FILE = YES;
				INFOPLIST_KEY_UIApplicationSceneManifest_Generation = YES;
				INFOPLIST_KEY_UIApplicationSupportsIndirectInputEvents = YES;
				INFOPLIST_KEY_UILaunchScreen_Generation = YES;
				INFOPLIST_KEY_UISupportedInterfaceOrientations_iPad = "UIInterfaceOrientationPortrait UIInterfaceOrientationPortraitUpsideDown UIInterfaceOrientationLandscapeLeft UIInterfaceOrientationLandscapeRight";
				INFOPLIST_KEY_UISupportedInterfaceOrientations_iPhone = "UIInterfaceOrientationPortrait UIInterfaceOrientationLandscapeLeft UIInterfaceOrientationLandscapeRight";
				LD_RUNPATH_SEARCH_PATHS = (
					"$(inherited)",
					"@executable_path/Frameworks",
				);
				MARKETING_VERSION = 1.0;
				PRODUCT_BUNDLE_IDENTIFIER = com.leemccormick.Example;
				PRODUCT_NAME = "$(TARGET_NAME)";
				SWIFT_EMIT_LOC_STRINGS = YES;
				SWIFT_VERSION = 5.0;
				TARGETED_DEVICE_FAMILY = "1,2";
			};
			name = Debug;
		};
		B20E47D12B9B8F7E00B72FFA /* Release */ = {
			isa = XCBuildConfiguration;
			buildSettings = {
				ASSETCATALOG_COMPILER_APPICON_NAME = AppIcon;
				ASSETCATALOG_COMPILER_GLOBAL_ACCENT_COLOR_NAME = AccentColor;
				CODE_SIGN_STYLE = Automatic;
				CURRENT_PROJECT_VERSION = 1;
				DEVELOPMENT_ASSET_PATHS = "\"Example/Preview Content\"";
				ENABLE_PREVIEWS = YES;
				GENERATE_INFOPLIST_FILE = YES;
				INFOPLIST_KEY_UIApplicationSceneManifest_Generation = YES;
				INFOPLIST_KEY_UIApplicationSupportsIndirectInputEvents = YES;
				INFOPLIST_KEY_UILaunchScreen_Generation = YES;
				INFOPLIST_KEY_UISupportedInterfaceOrientations_iPad = "UIInterfaceOrientationPortrait UIInterfaceOrientationPortraitUpsideDown UIInterfaceOrientationLandscapeLeft UIInterfaceOrientationLandscapeRight";
				INFOPLIST_KEY_UISupportedInterfaceOrientations_iPhone = "UIInterfaceOrientationPortrait UIInterfaceOrientationLandscapeLeft UIInterfaceOrientationLandscapeRight";
				LD_RUNPATH_SEARCH_PATHS = (
					"$(inherited)",
					"@executable_path/Frameworks",
				);
				MARKETING_VERSION = 1.0;
				PRODUCT_BUNDLE_IDENTIFIER = com.leemccormick.Example;
				PRODUCT_NAME = "$(TARGET_NAME)";
				SWIFT_EMIT_LOC_STRINGS = YES;
				SWIFT_VERSION = 5.0;
				TARGETED_DEVICE_FAMILY = "1,2";
			};
			name = Release;
		};
		B20E47D32B9B8F7E00B72FFA /* Debug */ = {
			isa = XCBuildConfiguration;
			buildSettings = {
				ALWAYS_EMBED_SWIFT_STANDARD_LIBRARIES = YES;
				BUNDLE_LOADER = "$(TEST_HOST)";
				CODE_SIGN_STYLE = Automatic;
				CURRENT_PROJECT_VERSION = 1;
				GENERATE_INFOPLIST_FILE = YES;
				IPHONEOS_DEPLOYMENT_TARGET = 17.2;
				MARKETING_VERSION = 1.0;
				PRODUCT_BUNDLE_IDENTIFIER = com.leemccormick.ExampleTests;
				PRODUCT_NAME = "$(TARGET_NAME)";
				SWIFT_EMIT_LOC_STRINGS = NO;
				SWIFT_VERSION = 5.0;
				TARGETED_DEVICE_FAMILY = "1,2";
				TEST_HOST = "$(BUILT_PRODUCTS_DIR)/Example.app/$(BUNDLE_EXECUTABLE_FOLDER_PATH)/Example";
			};
			name = Debug;
		};
		B20E47D42B9B8F7E00B72FFA /* Release */ = {
			isa = XCBuildConfiguration;
			buildSettings = {
				ALWAYS_EMBED_SWIFT_STANDARD_LIBRARIES = YES;
				BUNDLE_LOADER = "$(TEST_HOST)";
				CODE_SIGN_STYLE = Automatic;
				CURRENT_PROJECT_VERSION = 1;
				GENERATE_INFOPLIST_FILE = YES;
				IPHONEOS_DEPLOYMENT_TARGET = 17.2;
				MARKETING_VERSION = 1.0;
				PRODUCT_BUNDLE_IDENTIFIER = com.leemccormick.ExampleTests;
				PRODUCT_NAME = "$(TARGET_NAME)";
				SWIFT_EMIT_LOC_STRINGS = NO;
				SWIFT_VERSION = 5.0;
				TARGETED_DEVICE_FAMILY = "1,2";
				TEST_HOST = "$(BUILT_PRODUCTS_DIR)/Example.app/$(BUNDLE_EXECUTABLE_FOLDER_PATH)/Example";
			};
			name = Release;
		};
		B20E47D62B9B8F7E00B72FFA /* Debug */ = {
			isa = XCBuildConfiguration;
			buildSettings = {
				ALWAYS_EMBED_SWIFT_STANDARD_LIBRARIES = YES;
				CODE_SIGN_STYLE = Automatic;
				CURRENT_PROJECT_VERSION = 1;
				GENERATE_INFOPLIST_FILE = YES;
				MARKETING_VERSION = 1.0;
				PRODUCT_BUNDLE_IDENTIFIER = com.leemccormick.ExampleUITests;
				PRODUCT_NAME = "$(TARGET_NAME)";
				SWIFT_EMIT_LOC_STRINGS = NO;
				SWIFT_VERSION = 5.0;
				TARGETED_DEVICE_FAMILY = "1,2";
				TEST_TARGET_NAME = Example;
			};
			name = Debug;
		};
		B20E47D72B9B8F7E00B72FFA /* Release */ = {
			isa = XCBuildConfiguration;
			buildSettings = {
				ALWAYS_EMBED_SWIFT_STANDARD_LIBRARIES = YES;
				CODE_SIGN_STYLE = Automatic;
				CURRENT_PROJECT_VERSION = 1;
				GENERATE_INFOPLIST_FILE = YES;
				MARKETING_VERSION = 1.0;
				PRODUCT_BUNDLE_IDENTIFIER = com.leemccormick.ExampleUITests;
				PRODUCT_NAME = "$(TARGET_NAME)";
				SWIFT_EMIT_LOC_STRINGS = NO;
				SWIFT_VERSION = 5.0;
				TARGETED_DEVICE_FAMILY = "1,2";
				TEST_TARGET_NAME = Example;
			};
			name = Release;
		};
/* End XCBuildConfiguration section */

/* Begin XCConfigurationList section */
		B20E47A62B9B8F7C00B72FFA /* Build configuration list for PBXProject "Example" */ = {
			isa = XCConfigurationList;
			buildConfigurations = (
				B20E47CD2B9B8F7E00B72FFA /* Debug */,
				B20E47CE2B9B8F7E00B72FFA /* Release */,
			);
			defaultConfigurationIsVisible = 0;
			defaultConfigurationName = Release;
		};
		B20E47CF2B9B8F7E00B72FFA /* Build configuration list for PBXNativeTarget "Example" */ = {
			isa = XCConfigurationList;
			buildConfigurations = (
				B20E47D02B9B8F7E00B72FFA /* Debug */,
				B20E47D12B9B8F7E00B72FFA /* Release */,
			);
			defaultConfigurationIsVisible = 0;
			defaultConfigurationName = Release;
		};
		B20E47D22B9B8F7E00B72FFA /* Build configuration list for PBXNativeTarget "ExampleTests" */ = {
			isa = XCConfigurationList;
			buildConfigurations = (
				B20E47D32B9B8F7E00B72FFA /* Debug */,
				B20E47D42B9B8F7E00B72FFA /* Release */,
			);
			defaultConfigurationIsVisible = 0;
			defaultConfigurationName = Release;
		};
		B20E47D52B9B8F7E00B72FFA /* Build configuration list for PBXNativeTarget "ExampleUITests" */ = {
			isa = XCConfigurationList;
			buildConfigurations = (
				B20E47D62B9B8F7E00B72FFA /* Debug */,
				B20E47D72B9B8F7E00B72FFA /* Release */,
			);
			defaultConfigurationIsVisible = 0;
			defaultConfigurationName = Release;
		};
/* End XCConfigurationList section */

/* Begin XCLocalSwiftPackageReference section */
		B210F94F2B9B971E009D6E2C /* XCLocalSwiftPackageReference ".." */ = {
			isa = XCLocalSwiftPackageReference;
			relativePath = ..;
		};
/* End XCLocalSwiftPackageReference section */

/* Begin XCSwiftPackageProductDependency section */
		B210F9502B9B971E009D6E2C /* SwiftPackageRemoteDemo */ = {
			isa = XCSwiftPackageProductDependency;
			productName = SwiftPackageRemoteDemo;
		};
/* End XCSwiftPackageProductDependency section */
	};
	rootObject = B20E47A32B9B8F7C00B72FFA /* Project object */;
}
